
Microsoft Visual Studio Solution File, Format Version 12.00
# Visual Studio Version 17
VisualStudioVersion = 17.4.33110.190
MinimumVisualStudioVersion = 10.0.40219.1
Project("{9A19103F-16F7-4668-BE54-9A1E7A4F7556}") = "ShowRoomAPI", "ShowRoomAPI.csproj", "{CB7D3B76-0C43-4425-87B0-D23EDB0BBE62}"
EndProject
Project("{FAE04EC0-301F-11D3-BF4B-00C04F79EFBC}") = "App2", "..\App2\App2.csproj", "{BF093F98-67F7-42E5-9528-B1DF86DC08A4}"
EndProject
Project("{FAE04EC0-301F-11D3-BF4B-00C04F79EFBC}") = "GooglePubSubService", "..\GooglePubSubService\GooglePubSubService.csproj", "{179D5C8F-D1D0-4F51-8537-FD82AF1F6D24}"
EndProject
Project("{FAE04EC0-301F-11D3-BF4B-00C04F79EFBC}") = "JwtLib", "..\JwtLib\JwtLib.csproj", "{3F5E2B93-396F-4064-B1A0-12A7168157B1}"
EndProject
Global
	GlobalSection(SolutionConfigurationPlatforms) = preSolution
		Debug|Any CPU = Debug|Any CPU
		Release|Any CPU = Release|Any CPU
	EndGlobalSection
	GlobalSection(ProjectConfigurationPlatforms) = postSolution
		{CB7D3B76-0C43-4425-87B0-D23EDB0BBE62}.Debug|Any CPU.ActiveCfg = Debug|Any CPU
		{CB7D3B76-0C43-4425-87B0-D23EDB0BBE62}.Debug|Any CPU.Build.0 = Debug|Any CPU
		{CB7D3B76-0C43-4425-87B0-D23EDB0BBE62}.Release|Any CPU.ActiveCfg = Release|Any CPU
		{CB7D3B76-0C43-4425-87B0-D23EDB0BBE62}.Release|Any CPU.Build.0 = Release|Any CPU
		{BF093F98-67F7-42E5-9528-B1DF86DC08A4}.Debug|Any CPU.ActiveCfg = Debug|Any CPU
		{BF093F98-67F7-42E5-9528-B1DF86DC08A4}.Debug|Any CPU.Build.0 = Debug|Any CPU
		{BF093F98-67F7-42E5-9528-B1DF86DC08A4}.Release|Any CPU.ActiveCfg = Release|Any CPU
		{BF093F98-67F7-42E5-9528-B1DF86DC08A4}.Release|Any CPU.Build.0 = Release|Any CPU
		{179D5C8F-D1D0-4F51-8537-FD82AF1F6D24}.Debug|Any CPU.ActiveCfg = Debug|Any CPU
		{179D5C8F-D1D0-4F51-8537-FD82AF1F6D24}.Debug|Any CPU.Build.0 = Debug|Any CPU
		{179D5C8F-D1D0-4F51-8537-FD82AF1F6D24}.Release|Any CPU.ActiveCfg = Release|Any CPU
		{179D5C8F-D1D0-4F51-8537-FD82AF1F6D24}.Release|Any CPU.Build.0 = Release|Any CPU
		{3F5E2B93-396F-4064-B1A0-12A7168157B1}.Debug|Any CPU.ActiveCfg = Debug|Any CPU
		{3F5E2B93-396F-4064-B1A0-12A7168157B1}.Debug|Any CPU.Build.0 = Debug|Any CPU
		{3F5E2B93-396F-4064-B1A0-12A7168157B1}.Release|Any CPU.ActiveCfg = Release|Any CPU
		{3F5E2B93-396F-4064-B1A0-12A7168157B1}.Release|Any CPU.Build.0 = Release|Any CPU
	EndGlobalSection
	GlobalSection(SolutionProperties) = preSolution
		HideSolutionNode = FALSE
	EndGlobalSection
	GlobalSection(ExtensibilityGlobals) = postSolution
		SolutionGuid = {E746B21C-3749-4C2C-BA38-04AFC77C79CC}
	EndGlobalSection
EndGlobal
